
Microsoft Visual Studio Solution File, Format Version 12.00
# Visual Studio Version 17
VisualStudioVersion = 17.14.36301.6 d17.14
MinimumVisualStudioVersion = 10.0.40219.1
Project("{FAE04EC0-301F-11D3-BF4B-00C04F79EFBC}") = "Topic 4 - Random Numbers", "Topic 4 - Random Numbers.csproj", "{FE7A3EB6-FD7D-40AC-8007-E75797878EC4}"
EndProject
Global
	GlobalSection(SolutionConfigurationPlatforms) = preSolution
		Debug|Any CPU = Debug|Any CPU
		Release|Any CPU = Release|Any CPU
	EndGlobalSection
	GlobalSection(ProjectConfigurationPlatforms) = postSolution
		{FE7A3EB6-FD7D-40AC-8007-E75797878EC4}.Debug|Any CPU.ActiveCfg = Debug|Any CPU
		{FE7A3EB6-FD7D-40AC-8007-E75797878EC4}.Debug|Any CPU.Build.0 = Debug|Any CPU
		{FE7A3EB6-FD7D-40AC-8007-E75797878EC4}.Release|Any CPU.ActiveCfg = Release|Any CPU
		{FE7A3EB6-FD7D-40AC-8007-E75797878EC4}.Release|Any CPU.Build.0 = Release|Any CPU
	EndGlobalSection
	GlobalSection(SolutionProperties) = preSolution
		HideSolutionNode = FALSE
	EndGlobalSection
	GlobalSection(ExtensibilityGlobals) = postSolution
		SolutionGuid = {C005CA81-B6D6-499E-8E43-C9F8D72A3325}
	EndGlobalSection
EndGlobal
